
Microsoft Visual Studio Solution File, Format Version 11.00
# Visual Studio 2010
Project("{FAE04EC0-301F-11D3-BF4B-00C04F79EFBC}") = "ByteartRetailMini.Application", "ByteartRetailMini.Application\ByteartRetailMini.Application.csproj", "{F2F65150-96AC-44F1-9554-A51D3B2E670B}"
EndProject
Project("{FAE04EC0-301F-11D3-BF4B-00C04F79EFBC}") = "ByteartRetailMini.Domain", "ByteartRetailMini.Domain\ByteartRetailMini.Domain.csproj", "{A446F2D0-0CB7-4509-9DA8-AEBF4F029E43}"
EndProject
Project("{FAE04EC0-301F-11D3-BF4B-00C04F79EFBC}") = "ByteartRetailMini.Infrastructure", "ByteartRetailMini.Infrastructure\ByteartRetailMini.Infrastructure.csproj", "{204F46F9-4F33-42C4-8F45-53F3BFE29F8A}"
EndProject
Project("{FAE04EC0-301F-11D3-BF4B-00C04F79EFBC}") = "ByteartRetailMini.Services", "ByteartRetailMini.Services\ByteartRetailMini.Services.csproj", "{90266EBF-450C-4B91-9624-42AD2685E721}"
EndProject
Project("{FAE04EC0-301F-11D3-BF4B-00C04F79EFBC}") = "ByteartRetailMini.Web", "ByteartRetailMini.Web\ByteartRetailMini.Web.csproj", "{4436DA05-E208-4004-8354-B751827F0B3D}"
EndProject
Project("{FAE04EC0-301F-11D3-BF4B-00C04F79EFBC}") = "ByteartRetailMini.Test", "ByteartRetailMini.Test\ByteartRetailMini.Test.csproj", "{E9F133D9-050D-4087-A808-38B9D6FC4C60}"
EndProject
Project("{2150E333-8FDC-42A3-9474-1A3956D46DE8}") = ".nuget", ".nuget", "{63BB0FEC-4F6D-47BB-87A0-2A0081AB4A23}"
	ProjectSection(SolutionItems) = preProject
		.nuget\NuGet.Config = .nuget\NuGet.Config
		.nuget\NuGet.exe = .nuget\NuGet.exe
		.nuget\NuGet.targets = .nuget\NuGet.targets
	EndProjectSection
EndProject
Global
	GlobalSection(SolutionConfigurationPlatforms) = preSolution
		Debug|Any CPU = Debug|Any CPU
		Release|Any CPU = Release|Any CPU
	EndGlobalSection
	GlobalSection(ProjectConfigurationPlatforms) = postSolution
		{F2F65150-96AC-44F1-9554-A51D3B2E670B}.Debug|Any CPU.ActiveCfg = Debug|Any CPU
		{F2F65150-96AC-44F1-9554-A51D3B2E670B}.Debug|Any CPU.Build.0 = Debug|Any CPU
		{F2F65150-96AC-44F1-9554-A51D3B2E670B}.Release|Any CPU.ActiveCfg = Release|Any CPU
		{F2F65150-96AC-44F1-9554-A51D3B2E670B}.Release|Any CPU.Build.0 = Release|Any CPU
		{A446F2D0-0CB7-4509-9DA8-AEBF4F029E43}.Debug|Any CPU.ActiveCfg = Debug|Any CPU
		{A446F2D0-0CB7-4509-9DA8-AEBF4F029E43}.Debug|Any CPU.Build.0 = Debug|Any CPU
		{A446F2D0-0CB7-4509-9DA8-AEBF4F029E43}.Release|Any CPU.ActiveCfg = Release|Any CPU
		{A446F2D0-0CB7-4509-9DA8-AEBF4F029E43}.Release|Any CPU.Build.0 = Release|Any CPU
		{204F46F9-4F33-42C4-8F45-53F3BFE29F8A}.Debug|Any CPU.ActiveCfg = Debug|Any CPU
		{204F46F9-4F33-42C4-8F45-53F3BFE29F8A}.Debug|Any CPU.Build.0 = Debug|Any CPU
		{204F46F9-4F33-42C4-8F45-53F3BFE29F8A}.Release|Any CPU.ActiveCfg = Release|Any CPU
		{204F46F9-4F33-42C4-8F45-53F3BFE29F8A}.Release|Any CPU.Build.0 = Release|Any CPU
		{90266EBF-450C-4B91-9624-42AD2685E721}.Debug|Any CPU.ActiveCfg = Debug|Any CPU
		{90266EBF-450C-4B91-9624-42AD2685E721}.Debug|Any CPU.Build.0 = Debug|Any CPU
		{90266EBF-450C-4B91-9624-42AD2685E721}.Release|Any CPU.ActiveCfg = Release|Any CPU
		{90266EBF-450C-4B91-9624-42AD2685E721}.Release|Any CPU.Build.0 = Release|Any CPU
		{4436DA05-E208-4004-8354-B751827F0B3D}.Debug|Any CPU.ActiveCfg = Debug|Any CPU
		{4436DA05-E208-4004-8354-B751827F0B3D}.Debug|Any CPU.Build.0 = Debug|Any CPU
		{4436DA05-E208-4004-8354-B751827F0B3D}.Release|Any CPU.ActiveCfg = Release|Any CPU
		{4436DA05-E208-4004-8354-B751827F0B3D}.Release|Any CPU.Build.0 = Release|Any CPU
		{E9F133D9-050D-4087-A808-38B9D6FC4C60}.Debug|Any CPU.ActiveCfg = Debug|Any CPU
		{E9F133D9-050D-4087-A808-38B9D6FC4C60}.Debug|Any CPU.Build.0 = Debug|Any CPU
		{E9F133D9-050D-4087-A808-38B9D6FC4C60}.Release|Any CPU.ActiveCfg = Release|Any CPU
		{E9F133D9-050D-4087-A808-38B9D6FC4C60}.Release|Any CPU.Build.0 = Release|Any CPU
	EndGlobalSection
	GlobalSection(SolutionProperties) = preSolution
		HideSolutionNode = FALSE
	EndGlobalSection
EndGlobal
